{
  "name": "vuelings",
  "version": "1.0.0",
  "lockfileVersion": 3,
  "requires": true,
  "packages": {
    "": {
      "name": "vuelings",
      "version": "1.0.0",
      "license": "MIT",
      "workspaces": [
        "packages/cli",
        "packages/core",
        "packages/integration/vscode",
        "packages/integration/browser",
        "packages/reporter",
        "packages/store",
        "packages/template"
      ]
    },
    "node_modules/@vuelings/core": {
      "resolved": "packages/core",
      "link": true
    },
    "node_modules/inversify": {
      "version": "6.0.3",
      "resolved": "https://registry.npmmirror.com/inversify/-/inversify-6.0.3.tgz",
      "integrity": "sha512-s/svzcRQ/scaGUUyaVtFSL1dvOaRgyvE7VvpGcJwXmFz7CCzfSfxC/Uyl7iSHDEmBabJ2gbDES72DaygtMmwvg==",
      "license": "MIT"
    },
    "node_modules/reflect-metadata": {
      "version": "0.2.2",
      "resolved": "https://registry.npmmirror.com/reflect-metadata/-/reflect-metadata-0.2.2.tgz",
      "integrity": "sha512-urBwgfrvVP/eAyXx4hluJivBKzuEbSQs9rKWCrCkbSxNv8mxPcUZKeuoF3Uy4mJl3Lwprp6yy5/39VWigZ4K6Q==",
      "license": "Apache-2.0"
    },
    "packages/core": {
      "name": "@vuelings/core",
      "version": "1.0.0",
      "license": "MIT",
      "dependencies": {
        "inversify": "^6.0.3",
        "reflect-metadata": "^0.2.2"
      }
    }
  }
}
