# This file is generated by running "yarn install" inside your project.
# Manual changes might be lost - proceed with caution!

__metadata:
  version: 8
  cacheKey: 10c0

"@types/node@npm:^24.5.2":
  version: 24.5.2
  resolution: "@types/node@npm:24.5.2"
  dependencies:
    undici-types: "npm:~7.12.0"
  checksum: 10c0/96baaca6564d39c6f7f6eddd73ce41e2a7594ef37225cd52df3be36fad31712af8ae178387a72d0b80f2e2799e7fd30c014bc0ae9eb9f962d9079b691be00c48
  languageName: node
  linkType: hard

"@vuelings/core@workspace:packages/core":
  version: 0.0.0-use.local
  resolution: "@vuelings/core@workspace:packages/core"
  dependencies:
    inversify: "npm:^6.0.3"
    reflect-metadata: "npm:^0.2.2"
  languageName: unknown
  linkType: soft

"commander@npm:^14.0.1":
  version: 14.0.1
  resolution: "commander@npm:14.0.1"
  checksum: 10c0/64439c0651ddd01c1d0f48c8f08e97c18a0a1fa693879451f1203ad01132af2c2aa85da24cf0d8e098ab9e6dc385a756be670d2999a3c628ec745c3ec124587b
  languageName: node
  linkType: hard

"inversify@npm:^6.0.3":
  version: 6.0.3
  resolution: "inversify@npm:6.0.3"
  checksum: 10c0/2e3dcb0324bec9dbddf2c2548f3e54e513c3c1f848e2d1b10732f9a03af04ba5f090ca2bae1a1453cf3a08ebe1c827619a22cac516cb67cfe2366bd084ce7fa5
  languageName: node
  linkType: hard

"reflect-metadata@npm:^0.2.2":
  version: 0.2.2
  resolution: "reflect-metadata@npm:0.2.2"
  checksum: 10c0/1cd93a15ea291e420204955544637c264c216e7aac527470e393d54b4bb075f10a17e60d8168ec96600c7e0b9fcc0cb0bb6e91c3fbf5b0d8c9056f04e6ac1ec2
  languageName: node
  linkType: hard

"undici-types@npm:~7.12.0":
  version: 7.12.0
  resolution: "undici-types@npm:7.12.0"
  checksum: 10c0/326e455bbc0026db1d6b81c76a1cf10c63f7e2f9821db2e24fdc258f482814e5bfa8481f8910d07c68e305937c5c049610fdc441c5e8b7bb0daca7154fb8a306
  languageName: node
  linkType: hard

"vuelings@workspace:.":
  version: 0.0.0-use.local
  resolution: "vuelings@workspace:."
  dependencies:
    "@types/node": "npm:^24.5.2"
    commander: "npm:^14.0.1"
  languageName: unknown
  linkType: soft
